{
  "version": 4,
  "terraform_version": "1.16.2",
  "serial": 2,
  "lineage": "0fb834f2-5f8c-d139-9b61-6a076b0763c5",
  "outputs": {
    "vpc_cidr": {
      "value": "10.30.0.0/16",
      "type": "string"
    },
    "vpc_id": {
      "value": "vpc-045c43feb307340c0",
      "type": "string"
    }
  },
  "resources": [
    {
      "mode": "managed",
      "type": "aws_vpc",
      "name": "vpc_aula",
      "provider": "provider[\"registry.terraform.io/hashicorp/aws\"]",
      "instances": [
        {
          "schema_version": 1,
          "attributes": {
            "arn": "arn:aws:ec2:us-east-1:810372300166:vpc/vpc-045c43feb307340c0",
            "assign_generated_ipv6_cidr_block": false,
            "cidr_block": "10.30.0.0/16",
            "default_network_acl_id": "acl-0851b83a3224a11e5",
            "default_route_table_id": "rtb-00a242254e73edcf8",
            "default_security_group_id": "sg-05e4c90b3fb435418",
            "dhcp_options_id": "dopt-09521544bce69429b",
            "enable_dns_hostnames": false,
            "enable_dns_support": true,
            "enable_network_address_usage_metrics": false,
            "id": "vpc-045c43feb307340c0",
            "instance_tenancy": "default",
            "ipv4_ipam_pool_id": null,
            "ipv4_netmask_length": null,
            "ipv6_association_id": "",
            "ipv6_cidr_block": "",
            "ipv6_cidr_block_network_border_group": "",
            "ipv6_ipam_pool_id": "",
            "ipv6_netmask_length": 0,
            "main_route_table_id": "rtb-00a242254e73edcf8",
            "owner_id": "810372300166",
            "region": "us-east-1",
            "tags": {
              "Name": "vpc-outputs"
            },
            "tags_all": {
              "Name": "vpc-outputs"
            }
          },
          "sensitive_attributes": [],
          "identity_schema_version": 0,
          "identity": {
            "account_id": "810372300166",
            "id": "vpc-045c43feb307340c0",
            "region": "us-east-1"
          },
          "private": "eyJzY2hlbWFfdmVyc2lvbiI6IjEifQ=="
        }
      ]
    }
  ],
  "check_results": null
}
