{
  "version": 4,
  "terraform_version": "1.16.2",
  "serial": 1,
  "lineage": "e4d33c5e-5167-768d-12f8-9b78cb423360",
  "outputs": {},
  "resources": [
    {
      "mode": "managed",
      "type": "aws_vpc",
      "name": "vpc_aula",
      "provider": "provider[\"registry.terraform.io/hashicorp/aws\"]",
      "instances": [
        {
          "schema_version": 1,
          "attributes": {
            "arn": "arn:aws:ec2:us-east-1:810372300166:vpc/vpc-06b3e8392612a4e19",
            "assign_generated_ipv6_cidr_block": false,
            "cidr_block": "10.10.0.0/16",
            "default_network_acl_id": "acl-0de0f53fc700950ab",
            "default_route_table_id": "rtb-0b257f698815ffbc6",
            "default_security_group_id": "sg-0f50ea323d0579296",
            "dhcp_options_id": "dopt-09521544bce69429b",
            "enable_dns_hostnames": false,
            "enable_dns_support": true,
            "enable_network_address_usage_metrics": false,
            "id": "vpc-06b3e8392612a4e19",
            "instance_tenancy": "default",
            "ipv4_ipam_pool_id": null,
            "ipv4_netmask_length": null,
            "ipv6_association_id": "",
            "ipv6_cidr_block": "",
            "ipv6_cidr_block_network_border_group": "",
            "ipv6_ipam_pool_id": "",
            "ipv6_netmask_length": 0,
            "main_route_table_id": "rtb-0b257f698815ffbc6",
            "owner_id": "810372300166",
            "region": "us-east-1",
            "tags": {
              "Name": "terraform-vpc-aula"
            },
            "tags_all": {
              "Name": "terraform-vpc-aula"
            }
          },
          "sensitive_attributes": [],
          "identity_schema_version": 0,
          "identity": {
            "account_id": "810372300166",
            "id": "vpc-06b3e8392612a4e19",
            "region": "us-east-1"
          },
          "private": "eyJzY2hlbWFfdmVyc2lvbiI6IjEifQ=="
        }
      ]
    }
  ],
  "check_results": null
}
